{
  "version": 4,
  "terraform_version": "1.15.4",
  "serial": 12,
  "lineage": "dbfa0317-a719-7680-bd7a-58cf9b3fad0f",
  "outputs": {
    "acr_admin_password": {
      "value": "9KOeOEbNNOYkJWgxkKsCGSxQfd88YdQ7x1xh00bes6Mh8RKe0RIcJQQJ99CEACmepeSEqg7NAAACAZCR86At",
      "type": "string",
      "sensitive": true
    },
    "acr_admin_username": {
      "value": "acrcurrencyanomaly",
      "type": "string",
      "sensitive": true
    },
    "acr_login_server": {
      "value": "acrcurrencyanomaly.azurecr.io",
      "type": "string"
    },
    "resource_group_name": {
      "value": "RG-CurrencyAnomalyDetector",
      "type": "string"
    },
    "sql_server_name": {
      "value": "sql-currency-anomaly",
      "type": "string"
    }
  },
  "resources": [
    {
      "mode": "managed",
      "type": "azurerm_container_registry",
      "name": "main",
      "provider": "provider[\"registry.terraform.io/hashicorp/azurerm\"]",
      "instances": [
        {
          "schema_version": 2,
          "attributes": {
            "admin_enabled": true,
            "admin_password": "9KOeOEbNNOYkJWgxkKsCGSxQfd88YdQ7x1xh00bes6Mh8RKe0RIcJQQJ99CEACmepeSEqg7NAAACAZCR86At",
            "admin_username": "acrcurrencyanomaly",
            "anonymous_pull_enabled": false,
            "data_endpoint_enabled": false,
            "encryption": [
              {
                "enabled": false,
                "identity_client_id": "",
                "key_vault_key_id": ""
              }
            ],
            "export_policy_enabled": true,
            "georeplications": [],
            "id": "/subscriptions/aa2628b8-9029-42f0-98a9-cc2405f65edc/resourceGroups/RG-CurrencyAnomalyDetector/providers/Microsoft.ContainerRegistry/registries/acrcurrencyanomaly",
            "identity": [],
            "location": "uksouth",
            "login_server": "acrcurrencyanomaly.azurecr.io",
            "name": "acrcurrencyanomaly",
            "network_rule_bypass_option": "AzureServices",
            "network_rule_set": [],
            "public_network_access_enabled": true,
            "quarantine_policy_enabled": false,
            "resource_group_name": "RG-CurrencyAnomalyDetector",
            "retention_policy": [
              {
                "days": 7,
                "enabled": false
              }
            ],
            "sku": "Basic",
            "tags": null,
            "timeouts": null,
            "trust_policy": [
              {
                "enabled": false
              }
            ],
            "zone_redundancy_enabled": false
          },
          "sensitive_attributes": [
            [
              {
                "type": "get_attr",
                "value": "admin_password"
              }
            ]
          ],
          "identity_schema_version": 0,
          "private": "eyJlMmJmYjczMC1lY2FhLTExZTYtOGY4OC0zNDM2M2JjN2M0YzAiOnsiY3JlYXRlIjoxODAwMDAwMDAwMDAwLCJkZWxldGUiOjE4MDAwMDAwMDAwMDAsInJlYWQiOjMwMDAwMDAwMDAwMCwidXBkYXRlIjoxODAwMDAwMDAwMDAwfSwic2NoZW1hX3ZlcnNpb24iOiIyIn0=",
          "dependencies": [
            "azurerm_resource_group.main"
          ]
        }
      ]
    },
    {
      "mode": "managed",
      "type": "azurerm_resource_group",
      "name": "main",
      "provider": "provider[\"registry.terraform.io/hashicorp/azurerm\"]",
      "instances": [
        {
          "schema_version": 0,
          "attributes": {
            "id": "/subscriptions/aa2628b8-9029-42f0-98a9-cc2405f65edc/resourceGroups/RG-CurrencyAnomalyDetector",
            "location": "uksouth",
            "managed_by": "",
            "name": "RG-CurrencyAnomalyDetector",
            "tags": null,
            "timeouts": null
          },
          "sensitive_attributes": [],
          "identity_schema_version": 0,
          "private": "eyJlMmJmYjczMC1lY2FhLTExZTYtOGY4OC0zNDM2M2JjN2M0YzAiOnsiY3JlYXRlIjo1NDAwMDAwMDAwMDAwLCJkZWxldGUiOjU0MDAwMDAwMDAwMDAsInJlYWQiOjMwMDAwMDAwMDAwMCwidXBkYXRlIjo1NDAwMDAwMDAwMDAwfX0="
        }
      ]
    }
  ],
  "check_results": null
}
